// !$*UTF8*$!
{
	archiveVersion = 1;
	classes = {
	};
	objectVersion = 55;
	objects = {

/* Begin PBXBuildFile section */
		249F220927B7EBD400A1F2A0 /* AppDelegate.swift in Sources */ = {isa = PBXBuildFile; fileRef = 249F220827B7EBD400A1F2A0 /* AppDelegate.swift */; };
		249F220B27B7EBD400A1F2A0 /* SceneDelegate.swift in Sources */ = {isa = PBXBuildFile; fileRef = 249F220A27B7EBD400A1F2A0 /* SceneDelegate.swift */; };
		249F220D27B7EBD400A1F2A0 /* PokemonListViewController.swift in Sources */ = {isa = PBXBuildFile; fileRef = 249F220C27B7EBD400A1F2A0 /* PokemonListViewController.swift */; };
		249F221227B7EBD600A1F2A0 /* Assets.xcassets in Resources */ = {isa = PBXBuildFile; fileRef = 249F221127B7EBD600A1F2A0 /* Assets.xcassets */; };
		249F221527B7EBD600A1F2A0 /* LaunchScreen.storyboard in Resources */ = {isa = PBXBuildFile; fileRef = 249F221327B7EBD600A1F2A0 /* LaunchScreen.storyboard */; };
		249F222027B7EBD600A1F2A0 /* MVP_SampleTests.swift in Sources */ = {isa = PBXBuildFile; fileRef = 249F221F27B7EBD600A1F2A0 /* MVP_SampleTests.swift */; };
		249F222A27B7EBD600A1F2A0 /* MVP_SampleUITests.swift in Sources */ = {isa = PBXBuildFile; fileRef = 249F222927B7EBD600A1F2A0 /* MVP_SampleUITests.swift */; };
		249F222C27B7EBD600A1F2A0 /* MVP_SampleUITestsLaunchTests.swift in Sources */ = {isa = PBXBuildFile; fileRef = 249F222B27B7EBD600A1F2A0 /* MVP_SampleUITestsLaunchTests.swift */; };
		249F224027B7F1D100A1F2A0 /* PokemonListViewController.xib in Resources */ = {isa = PBXBuildFile; fileRef = 249F223F27B7F1D100A1F2A0 /* PokemonListViewController.xib */; };
		249F224627B80BA900A1F2A0 /* PokemonListTableViewCell.xib in Resources */ = {isa = PBXBuildFile; fileRef = 249F224527B80BA900A1F2A0 /* PokemonListTableViewCell.xib */; };
		249F224827B80BBD00A1F2A0 /* PokemonListTableViewCell.swift in Sources */ = {isa = PBXBuildFile; fileRef = 249F224727B80BBD00A1F2A0 /* PokemonListTableViewCell.swift */; };
		249F224E27B80CBD00A1F2A0 /* PokemonDetailViewController.swift in Sources */ = {isa = PBXBuildFile; fileRef = 249F224D27B80CBD00A1F2A0 /* PokemonDetailViewController.swift */; };
		249F225027B80CCB00A1F2A0 /* PokemonDetailViewController.xib in Resources */ = {isa = PBXBuildFile; fileRef = 249F224F27B80CCB00A1F2A0 /* PokemonDetailViewController.xib */; };
		249F225427B8124A00A1F2A0 /* PokemonListPresenter.swift in Sources */ = {isa = PBXBuildFile; fileRef = 249F225327B8124A00A1F2A0 /* PokemonListPresenter.swift */; };
/* End PBXBuildFile section */

/* Begin PBXContainerItemProxy section */
		249F221C27B7EBD600A1F2A0 /* PBXContainerItemProxy */ = {
			isa = PBXContainerItemProxy;
			containerPortal = 249F21FD27B7EBD300A1F2A0 /* Project object */;
			proxyType = 1;
			remoteGlobalIDString = 249F220427B7EBD400A1F2A0;
			remoteInfo = MVP_Sample;
		};
		249F222627B7EBD600A1F2A0 /* PBXContainerItemProxy */ = {
			isa = PBXContainerItemProxy;
			containerPortal = 249F21FD27B7EBD300A1F2A0 /* Project object */;
			proxyType = 1;
			remoteGlobalIDString = 249F220427B7EBD400A1F2A0;
			remoteInfo = MVP_Sample;
		};
/* End PBXContainerItemProxy section */

/* Begin PBXFileReference section */
		249F220527B7EBD400A1F2A0 /* MVP_Sample.app */ = {isa = PBXFileReference; explicitFileType = wrapper.application; includeInIndex = 0; path = MVP_Sample.app; sourceTree = BUILT_PRODUCTS_DIR; };
		249F220827B7EBD400A1F2A0 /* AppDelegate.swift */ = {isa = PBXFileReference; lastKnownFileType = sourcecode.swift; path = AppDelegate.swift; sourceTree = "<group>"; };
		249F220A27B7EBD400A1F2A0 /* SceneDelegate.swift */ = {isa = PBXFileReference; lastKnownFileType = sourcecode.swift; path = SceneDelegate.swift; sourceTree = "<group>"; };
		249F220C27B7EBD400A1F2A0 /* PokemonListViewController.swift */ = {isa = PBXFileReference; lastKnownFileType = sourcecode.swift; path = PokemonListViewController.swift; sourceTree = "<group>"; };
		249F221127B7EBD600A1F2A0 /* Assets.xcassets */ = {isa = PBXFileReference; lastKnownFileType = folder.assetcatalog; path = Assets.xcassets; sourceTree = "<group>"; };
		249F221427B7EBD600A1F2A0 /* Base */ = {isa = PBXFileReference; lastKnownFileType = file.storyboard; name = Base; path = Base.lproj/LaunchScreen.storyboard; sourceTree = "<group>"; };
		249F221627B7EBD600A1F2A0 /* Info.plist */ = {isa = PBXFileReference; lastKnownFileType = text.plist.xml; path = Info.plist; sourceTree = "<group>"; };
		249F221B27B7EBD600A1F2A0 /* MVP_SampleTests.xctest */ = {isa = PBXFileReference; explicitFileType = wrapper.cfbundle; includeInIndex = 0; path = MVP_SampleTests.xctest; sourceTree = BUILT_PRODUCTS_DIR; };
		249F221F27B7EBD600A1F2A0 /* MVP_SampleTests.swift */ = {isa = PBXFileReference; lastKnownFileType = sourcecode.swift; path = MVP_SampleTests.swift; sourceTree = "<group>"; };
		249F222527B7EBD600A1F2A0 /* MVP_SampleUITests.xctest */ = {isa = PBXFileReference; explicitFileType = wrapper.cfbundle; includeInIndex = 0; path = MVP_SampleUITests.xctest; sourceTree = BUILT_PRODUCTS_DIR; };
		249F222927B7EBD600A1F2A0 /* MVP_SampleUITests.swift */ = {isa = PBXFileReference; lastKnownFileType = sourcecode.swift; path = MVP_SampleUITests.swift; sourceTree = "<group>"; };
		249F222B27B7EBD600A1F2A0 /* MVP_SampleUITestsLaunchTests.swift */ = {isa = PBXFileReference; lastKnownFileType = sourcecode.swift; path = MVP_SampleUITestsLaunchTests.swift; sourceTree = "<group>"; };
		249F223F27B7F1D100A1F2A0 /* PokemonListViewController.xib */ = {isa = PBXFileReference; lastKnownFileType = file.xib; path = PokemonListViewController.xib; sourceTree = "<group>"; };
		249F224527B80BA900A1F2A0 /* PokemonListTableViewCell.xib */ = {isa = PBXFileReference; lastKnownFileType = file.xib; path = PokemonListTableViewCell.xib; sourceTree = "<group>"; };
		249F224727B80BBD00A1F2A0 /* PokemonListTableViewCell.swift */ = {isa = PBXFileReference; lastKnownFileType = sourcecode.swift; path = PokemonListTableViewCell.swift; sourceTree = "<group>"; };
		249F224D27B80CBD00A1F2A0 /* PokemonDetailViewController.swift */ = {isa = PBXFileReference; lastKnownFileType = sourcecode.swift; path = PokemonDetailViewController.swift; sourceTree = "<group>"; };
		249F224F27B80CCB00A1F2A0 /* PokemonDetailViewController.xib */ = {isa = PBXFileReference; lastKnownFileType = file.xib; path = PokemonDetailViewController.xib; sourceTree = "<group>"; };
		249F225327B8124A00A1F2A0 /* PokemonListPresenter.swift */ = {isa = PBXFileReference; lastKnownFileType = sourcecode.swift; path = PokemonListPresenter.swift; sourceTree = "<group>"; };
/* End PBXFileReference section */

/* Begin PBXFrameworksBuildPhase section */
		249F220227B7EBD400A1F2A0 /* Frameworks */ = {
			isa = PBXFrameworksBuildPhase;
			buildActionMask = 2147483647;
			files = (
			);
			runOnlyForDeploymentPostprocessing = 0;
		};
		249F221827B7EBD600A1F2A0 /* Frameworks */ = {
			isa = PBXFrameworksBuildPhase;
			buildActionMask = 2147483647;
			files = (
			);
			runOnlyForDeploymentPostprocessing = 0;
		};
		249F222227B7EBD600A1F2A0 /* Frameworks */ = {
			isa = PBXFrameworksBuildPhase;
			buildActionMask = 2147483647;
			files = (
			);
			runOnlyForDeploymentPostprocessing = 0;
		};
/* End PBXFrameworksBuildPhase section */

/* Begin PBXGroup section */
		249F21FC27B7EBD300A1F2A0 = {
			isa = PBXGroup;
			children = (
				249F220727B7EBD400A1F2A0 /* MVP_Sample */,
				249F221E27B7EBD600A1F2A0 /* MVP_SampleTests */,
				249F222827B7EBD600A1F2A0 /* MVP_SampleUITests */,
				249F220627B7EBD400A1F2A0 /* Products */,
			);
			sourceTree = "<group>";
		};
		249F220627B7EBD400A1F2A0 /* Products */ = {
			isa = PBXGroup;
			children = (
				249F220527B7EBD400A1F2A0 /* MVP_Sample.app */,
				249F221B27B7EBD600A1F2A0 /* MVP_SampleTests.xctest */,
				249F222527B7EBD600A1F2A0 /* MVP_SampleUITests.xctest */,
			);
			name = Products;
			sourceTree = "<group>";
		};
		249F220727B7EBD400A1F2A0 /* MVP_Sample */ = {
			isa = PBXGroup;
			children = (
				249F223B27B7F13C00A1F2A0 /* Models */,
				249F223C27B7F14F00A1F2A0 /* Views */,
				249F223D27B7F15D00A1F2A0 /* Presenters */,
				249F221627B7EBD600A1F2A0 /* Info.plist */,
				249F220827B7EBD400A1F2A0 /* AppDelegate.swift */,
				249F220A27B7EBD400A1F2A0 /* SceneDelegate.swift */,
				249F221327B7EBD600A1F2A0 /* LaunchScreen.storyboard */,
				249F223927B7EFE000A1F2A0 /* Source */,
			);
			path = MVP_Sample;
			sourceTree = "<group>";
		};
		249F221E27B7EBD600A1F2A0 /* MVP_SampleTests */ = {
			isa = PBXGroup;
			children = (
				249F221F27B7EBD600A1F2A0 /* MVP_SampleTests.swift */,
			);
			path = MVP_SampleTests;
			sourceTree = "<group>";
		};
		249F222827B7EBD600A1F2A0 /* MVP_SampleUITests */ = {
			isa = PBXGroup;
			children = (
				249F222927B7EBD600A1F2A0 /* MVP_SampleUITests.swift */,
				249F222B27B7EBD600A1F2A0 /* MVP_SampleUITestsLaunchTests.swift */,
			);
			path = MVP_SampleUITests;
			sourceTree = "<group>";
		};
		249F223927B7EFE000A1F2A0 /* Source */ = {
			isa = PBXGroup;
			children = (
				249F221127B7EBD600A1F2A0 /* Assets.xcassets */,
			);
			path = Source;
			sourceTree = "<group>";
		};
		249F223B27B7F13C00A1F2A0 /* Models */ = {
			isa = PBXGroup;
			children = (
			);
			path = Models;
			sourceTree = "<group>";
		};
		249F223C27B7F14F00A1F2A0 /* Views */ = {
			isa = PBXGroup;
			children = (
				249F224927B80C4100A1F2A0 /* PokemonList */,
				249F224B27B80C8F00A1F2A0 /* PokemonDetail */,
			);
			path = Views;
			sourceTree = "<group>";
		};
		249F223D27B7F15D00A1F2A0 /* Presenters */ = {
			isa = PBXGroup;
			children = (
				249F225127B8120D00A1F2A0 /* PokemonList */,
				249F225227B8121500A1F2A0 /* PokemonDetail */,
			);
			path = Presenters;
			sourceTree = "<group>";
		};
		249F224327B80B5F00A1F2A0 /* Cell */ = {
			isa = PBXGroup;
			children = (
				249F224527B80BA900A1F2A0 /* PokemonListTableViewCell.xib */,
				249F224727B80BBD00A1F2A0 /* PokemonListTableViewCell.swift */,
			);
			path = Cell;
			sourceTree = "<group>";
		};
		249F224927B80C4100A1F2A0 /* PokemonList */ = {
			isa = PBXGroup;
			children = (
				249F224A27B80C4E00A1F2A0 /* ViewController */,
				249F224327B80B5F00A1F2A0 /* Cell */,
			);
			path = PokemonList;
			sourceTree = "<group>";
		};
		249F224A27B80C4E00A1F2A0 /* ViewController */ = {
			isa = PBXGroup;
			children = (
				249F220C27B7EBD400A1F2A0 /* PokemonListViewController.swift */,
				249F223F27B7F1D100A1F2A0 /* PokemonListViewController.xib */,
			);
			path = ViewController;
			sourceTree = "<group>";
		};
		249F224B27B80C8F00A1F2A0 /* PokemonDetail */ = {
			isa = PBXGroup;
			children = (
				249F224C27B80CA000A1F2A0 /* ViewController */,
			);
			path = PokemonDetail;
			sourceTree = "<group>";
		};
		249F224C27B80CA000A1F2A0 /* ViewController */ = {
			isa = PBXGroup;
			children = (
				249F224D27B80CBD00A1F2A0 /* PokemonDetailViewController.swift */,
				249F224F27B80CCB00A1F2A0 /* PokemonDetailViewController.xib */,
			);
			path = ViewController;
			sourceTree = "<group>";
		};
		249F225127B8120D00A1F2A0 /* PokemonList */ = {
			isa = PBXGroup;
			children = (
				249F225327B8124A00A1F2A0 /* PokemonListPresenter.swift */,
			);
			path = PokemonList;
			sourceTree = "<group>";
		};
		249F225227B8121500A1F2A0 /* PokemonDetail */ = {
			isa = PBXGroup;
			children = (
			);
			path = PokemonDetail;
			sourceTree = "<group>";
		};
/* End PBXGroup section */

/* Begin PBXNativeTarget section */
		249F220427B7EBD400A1F2A0 /* MVP_Sample */ = {
			isa = PBXNativeTarget;
			buildConfigurationList = 249F222F27B7EBD600A1F2A0 /* Build configuration list for PBXNativeTarget "MVP_Sample" */;
			buildPhases = (
				249F220127B7EBD400A1F2A0 /* Sources */,
				249F220227B7EBD400A1F2A0 /* Frameworks */,
				249F220327B7EBD400A1F2A0 /* Resources */,
			);
			buildRules = (
			);
			dependencies = (
			);
			name = MVP_Sample;
			productName = MVP_Sample;
			productReference = 249F220527B7EBD400A1F2A0 /* MVP_Sample.app */;
			productType = "com.apple.product-type.application";
		};
		249F221A27B7EBD600A1F2A0 /* MVP_SampleTests */ = {
			isa = PBXNativeTarget;
			buildConfigurationList = 249F223227B7EBD600A1F2A0 /* Build configuration list for PBXNativeTarget "MVP_SampleTests" */;
			buildPhases = (
				249F221727B7EBD600A1F2A0 /* Sources */,
				249F221827B7EBD600A1F2A0 /* Frameworks */,
				249F221927B7EBD600A1F2A0 /* Resources */,
			);
			buildRules = (
			);
			dependencies = (
				249F221D27B7EBD600A1F2A0 /* PBXTargetDependency */,
			);
			name = MVP_SampleTests;
			productName = MVP_SampleTests;
			productReference = 249F221B27B7EBD600A1F2A0 /* MVP_SampleTests.xctest */;
			productType = "com.apple.product-type.bundle.unit-test";
		};
		249F222427B7EBD600A1F2A0 /* MVP_SampleUITests */ = {
			isa = PBXNativeTarget;
			buildConfigurationList = 249F223527B7EBD600A1F2A0 /* Build configuration list for PBXNativeTarget "MVP_SampleUITests" */;
			buildPhases = (
				249F222127B7EBD600A1F2A0 /* Sources */,
				249F222227B7EBD600A1F2A0 /* Frameworks */,
				249F222327B7EBD600A1F2A0 /* Resources */,
			);
			buildRules = (
			);
			dependencies = (
				249F222727B7EBD600A1F2A0 /* PBXTargetDependency */,
			);
			name = MVP_SampleUITests;
			productName = MVP_SampleUITests;
			productReference = 249F222527B7EBD600A1F2A0 /* MVP_SampleUITests.xctest */;
			productType = "com.apple.product-type.bundle.ui-testing";
		};
/* End PBXNativeTarget section */

/* Begin PBXProject section */
		249F21FD27B7EBD300A1F2A0 /* Project object */ = {
			isa = PBXProject;
			attributes = {
				BuildIndependentTargetsInParallel = 1;
				LastSwiftUpdateCheck = 1320;
				LastUpgradeCheck = 1320;
				TargetAttributes = {
					249F220427B7EBD400A1F2A0 = {
						CreatedOnToolsVersion = 13.2.1;
					};
					249F221A27B7EBD600A1F2A0 = {
						CreatedOnToolsVersion = 13.2.1;
						TestTargetID = 249F220427B7EBD400A1F2A0;
					};
					249F222427B7EBD600A1F2A0 = {
						CreatedOnToolsVersion = 13.2.1;
						TestTargetID = 249F220427B7EBD400A1F2A0;
					};
				};
			};
			buildConfigurationList = 249F220027B7EBD300A1F2A0 /* Build configuration list for PBXProject "MVP_Sample" */;
			compatibilityVersion = "Xcode 13.0";
			developmentRegion = en;
			hasScannedForEncodings = 0;
			knownRegions = (
				en,
				Base,
			);
			mainGroup = 249F21FC27B7EBD300A1F2A0;
			productRefGroup = 249F220627B7EBD400A1F2A0 /* Products */;
			projectDirPath = "";
			projectRoot = "";
			targets = (
				249F220427B7EBD400A1F2A0 /* MVP_Sample */,
				249F221A27B7EBD600A1F2A0 /* MVP_SampleTests */,
				249F222427B7EBD600A1F2A0 /* MVP_SampleUITests */,
			);
		};
/* End PBXProject section */

/* Begin PBXResourcesBuildPhase section */
		249F220327B7EBD400A1F2A0 /* Resources */ = {
			isa = PBXResourcesBuildPhase;
			buildActionMask = 2147483647;
			files = (
				249F224027B7F1D100A1F2A0 /* PokemonListViewController.xib in Resources */,
				249F224627B80BA900A1F2A0 /* PokemonListTableViewCell.xib in Resources */,
				249F221527B7EBD600A1F2A0 /* LaunchScreen.storyboard in Resources */,
				249F221227B7EBD600A1F2A0 /* Assets.xcassets in Resources */,
				249F225027B80CCB00A1F2A0 /* PokemonDetailViewController.xib in Resources */,
			);
			runOnlyForDeploymentPostprocessing = 0;
		};
		249F221927B7EBD600A1F2A0 /* Resources */ = {
			isa = PBXResourcesBuildPhase;
			buildActionMask = 2147483647;
			files = (
			);
			runOnlyForDeploymentPostprocessing = 0;
		};
		249F222327B7EBD600A1F2A0 /* Resources */ = {
			isa = PBXResourcesBuildPhase;
			buildActionMask = 2147483647;
			files = (
			);
			runOnlyForDeploymentPostprocessing = 0;
		};
/* End PBXResourcesBuildPhase section */

/* Begin PBXSourcesBuildPhase section */
		249F220127B7EBD400A1F2A0 /* Sources */ = {
			isa = PBXSourcesBuildPhase;
			buildActionMask = 2147483647;
			files = (
				249F225427B8124A00A1F2A0 /* PokemonListPresenter.swift in Sources */,
				249F220D27B7EBD400A1F2A0 /* PokemonListViewController.swift in Sources */,
				249F224827B80BBD00A1F2A0 /* PokemonListTableViewCell.swift in Sources */,
				249F224E27B80CBD00A1F2A0 /* PokemonDetailViewController.swift in Sources */,
				249F220927B7EBD400A1F2A0 /* AppDelegate.swift in Sources */,
				249F220B27B7EBD400A1F2A0 /* SceneDelegate.swift in Sources */,
			);
			runOnlyForDeploymentPostprocessing = 0;
		};
		249F221727B7EBD600A1F2A0 /* Sources */ = {
			isa = PBXSourcesBuildPhase;
			buildActionMask = 2147483647;
			files = (
				249F222027B7EBD600A1F2A0 /* MVP_SampleTests.swift in Sources */,
			);
			runOnlyForDeploymentPostprocessing = 0;
		};
		249F222127B7EBD600A1F2A0 /* Sources */ = {
			isa = PBXSourcesBuildPhase;
			buildActionMask = 2147483647;
			files = (
				249F222C27B7EBD600A1F2A0 /* MVP_SampleUITestsLaunchTests.swift in Sources */,
				249F222A27B7EBD600A1F2A0 /* MVP_SampleUITests.swift in Sources */,
			);
			runOnlyForDeploymentPostprocessing = 0;
		};
/* End PBXSourcesBuildPhase section */

/* Begin PBXTargetDependency section */
		249F221D27B7EBD600A1F2A0 /* PBXTargetDependency */ = {
			isa = PBXTargetDependency;
			target = 249F220427B7EBD400A1F2A0 /* MVP_Sample */;
			targetProxy = 249F221C27B7EBD600A1F2A0 /* PBXContainerItemProxy */;
		};
		249F222727B7EBD600A1F2A0 /* PBXTargetDependency */ = {
			isa = PBXTargetDependency;
			target = 249F220427B7EBD400A1F2A0 /* MVP_Sample */;
			targetProxy = 249F222627B7EBD600A1F2A0 /* PBXContainerItemProxy */;
		};
/* End PBXTargetDependency section */

/* Begin PBXVariantGroup section */
		249F221327B7EBD600A1F2A0 /* LaunchScreen.storyboard */ = {
			isa = PBXVariantGroup;
			children = (
				249F221427B7EBD600A1F2A0 /* Base */,
			);
			name = LaunchScreen.storyboard;
			sourceTree = "<group>";
		};
/* End PBXVariantGroup section */

/* Begin XCBuildConfiguration section */
		249F222D27B7EBD600A1F2A0 /* Debug */ = {
			isa = XCBuildConfiguration;
			buildSettings = {
				ALWAYS_SEARCH_USER_PATHS = NO;
				CLANG_ANALYZER_NONNULL = YES;
				CLANG_ANALYZER_NUMBER_OBJECT_CONVERSION = YES_AGGRESSIVE;
				CLANG_CXX_LANGUAGE_STANDARD = "gnu++17";
				CLANG_CXX_LIBRARY = "libc++";
				CLANG_ENABLE_MODULES = YES;
				CLANG_ENABLE_OBJC_ARC = YES;
				CLANG_ENABLE_OBJC_WEAK = YES;
				CLANG_WARN_BLOCK_CAPTURE_AUTORELEASING = YES;
				CLANG_WARN_BOOL_CONVERSION = YES;
				CLANG_WARN_COMMA = YES;
				CLANG_WARN_CONSTANT_CONVERSION = YES;
				CLANG_WARN_DEPRECATED_OBJC_IMPLEMENTATIONS = YES;
				CLANG_WARN_DIRECT_OBJC_ISA_USAGE = YES_ERROR;
				CLANG_WARN_DOCUMENTATION_COMMENTS = YES;
				CLANG_WARN_EMPTY_BODY = YES;
				CLANG_WARN_ENUM_CONVERSION = YES;
				CLANG_WARN_INFINITE_RECURSION = YES;
				CLANG_WARN_INT_CONVERSION = YES;
				CLANG_WARN_NON_LITERAL_NULL_CONVERSION = YES;
				CLANG_WARN_OBJC_IMPLICIT_RETAIN_SELF = YES;
				CLANG_WARN_OBJC_LITERAL_CONVERSION = YES;
				CLANG_WARN_OBJC_ROOT_CLASS = YES_ERROR;
				CLANG_WARN_QUOTED_INCLUDE_IN_FRAMEWORK_HEADER = YES;
				CLANG_WARN_RANGE_LOOP_ANALYSIS = YES;
				CLANG_WARN_STRICT_PROTOTYPES = YES;
				CLANG_WARN_SUSPICIOUS_MOVE = YES;
				CLANG_WARN_UNGUARDED_AVAILABILITY = YES_AGGRESSIVE;
				CLANG_WARN_UNREACHABLE_CODE = YES;
				CLANG_WARN__DUPLICATE_METHOD_MATCH = YES;
				COPY_PHASE_STRIP = NO;
				DEBUG_INFORMATION_FORMAT = dwarf;
				ENABLE_STRICT_OBJC_MSGSEND = YES;
				ENABLE_TESTABILITY = YES;
				GCC_C_LANGUAGE_STANDARD = gnu11;
				GCC_DYNAMIC_NO_PIC = NO;
				GCC_NO_COMMON_BLOCKS = YES;
				GCC_OPTIMIZATION_LEVEL = 0;
				GCC_PREPROCESSOR_DEFINITIONS = (
					"DEBUG=1",
					"$(inherited)",
				);
				GCC_WARN_64_TO_32_BIT_CONVERSION = YES;
				GCC_WARN_ABOUT_RETURN_TYPE = YES_ERROR;
				GCC_WARN_UNDECLARED_SELECTOR = YES;
				GCC_WARN_UNINITIALIZED_AUTOS = YES_AGGRESSIVE;
				GCC_WARN_UNUSED_FUNCTION = YES;
				GCC_WARN_UNUSED_VARIABLE = YES;
				IPHONEOS_DEPLOYMENT_TARGET = 15.2;
				MTL_ENABLE_DEBUG_INFO = INCLUDE_SOURCE;
				MTL_FAST_MATH = YES;
				ONLY_ACTIVE_ARCH = YES;
				SDKROOT = iphoneos;
				SWIFT_ACTIVE_COMPILATION_CONDITIONS = DEBUG;
				SWIFT_OPTIMIZATION_LEVEL = "-Onone";
			};
			name = Debug;
		};
		249F222E27B7EBD600A1F2A0 /* Release */ = {
			isa = XCBuildConfiguration;
			buildSettings = {
				ALWAYS_SEARCH_USER_PATHS = NO;
				CLANG_ANALYZER_NONNULL = YES;
				CLANG_ANALYZER_NUMBER_OBJECT_CONVERSION = YES_AGGRESSIVE;
				CLANG_CXX_LANGUAGE_STANDARD = "gnu++17";
				CLANG_CXX_LIBRARY = "libc++";
				CLANG_ENABLE_MODULES = YES;
				CLANG_ENABLE_OBJC_ARC = YES;
				CLANG_ENABLE_OBJC_WEAK = YES;
				CLANG_WARN_BLOCK_CAPTURE_AUTORELEASING = YES;
				CLANG_WARN_BOOL_CONVERSION = YES;
				CLANG_WARN_COMMA = YES;
				CLANG_WARN_CONSTANT_CONVERSION = YES;
				CLANG_WARN_DEPRECATED_OBJC_IMPLEMENTATIONS = YES;
				CLANG_WARN_DIRECT_OBJC_ISA_USAGE = YES_ERROR;
				CLANG_WARN_DOCUMENTATION_COMMENTS = YES;
				CLANG_WARN_EMPTY_BODY = YES;
				CLANG_WARN_ENUM_CONVERSION = YES;
				CLANG_WARN_INFINITE_RECURSION = YES;
				CLANG_WARN_INT_CONVERSION = YES;
				CLANG_WARN_NON_LITERAL_NULL_CONVERSION = YES;
				CLANG_WARN_OBJC_IMPLICIT_RETAIN_SELF = YES;
				CLANG_WARN_OBJC_LITERAL_CONVERSION = YES;
				CLANG_WARN_OBJC_ROOT_CLASS = YES_ERROR;
				CLANG_WARN_QUOTED_INCLUDE_IN_FRAMEWORK_HEADER = YES;
				CLANG_WARN_RANGE_LOOP_ANALYSIS = YES;
				CLANG_WARN_STRICT_PROTOTYPES = YES;
				CLANG_WARN_SUSPICIOUS_MOVE = YES;
				CLANG_WARN_UNGUARDED_AVAILABILITY = YES_AGGRESSIVE;
				CLANG_WARN_UNREACHABLE_CODE = YES;
				CLANG_WARN__DUPLICATE_METHOD_MATCH = YES;
				COPY_PHASE_STRIP = NO;
				DEBUG_INFORMATION_FORMAT = "dwarf-with-dsym";
				ENABLE_NS_ASSERTIONS = NO;
				ENABLE_STRICT_OBJC_MSGSEND = YES;
				GCC_C_LANGUAGE_STANDARD = gnu11;
				GCC_NO_COMMON_BLOCKS = YES;
				GCC_WARN_64_TO_32_BIT_CONVERSION = YES;
				GCC_WARN_ABOUT_RETURN_TYPE = YES_ERROR;
				GCC_WARN_UNDECLARED_SELECTOR = YES;
				GCC_WARN_UNINITIALIZED_AUTOS = YES_AGGRESSIVE;
				GCC_WARN_UNUSED_FUNCTION = YES;
				GCC_WARN_UNUSED_VARIABLE = YES;
				IPHONEOS_DEPLOYMENT_TARGET = 15.2;
				MTL_ENABLE_DEBUG_INFO = NO;
				MTL_FAST_MATH = YES;
				SDKROOT = iphoneos;
				SWIFT_COMPILATION_MODE = wholemodule;
				SWIFT_OPTIMIZATION_LEVEL = "-O";
				VALIDATE_PRODUCT = YES;
			};
			name = Release;
		};
		249F223027B7EBD600A1F2A0 /* Debug */ = {
			isa = XCBuildConfiguration;
			buildSettings = {
				ASSETCATALOG_COMPILER_APPICON_NAME = AppIcon;
				ASSETCATALOG_COMPILER_GLOBAL_ACCENT_COLOR_NAME = AccentColor;
				CODE_SIGN_STYLE = Automatic;
				CURRENT_PROJECT_VERSION = 1;
				DEVELOPMENT_TEAM = P6K8M6RQ2W;
				GENERATE_INFOPLIST_FILE = YES;
				INFOPLIST_FILE = MVP_Sample/Info.plist;
				INFOPLIST_KEY_UIApplicationSupportsIndirectInputEvents = YES;
				INFOPLIST_KEY_UILaunchStoryboardName = LaunchScreen;
				INFOPLIST_KEY_UISupportedInterfaceOrientations_iPad = "UIInterfaceOrientationPortrait UIInterfaceOrientationPortraitUpsideDown UIInterfaceOrientationLandscapeLeft UIInterfaceOrientationLandscapeRight";
				INFOPLIST_KEY_UISupportedInterfaceOrientations_iPhone = "UIInterfaceOrientationPortrait UIInterfaceOrientationLandscapeLeft UIInterfaceOrientationLandscapeRight";
				LD_RUNPATH_SEARCH_PATHS = (
					"$(inherited)",
					"@executable_path/Frameworks",
				);
				MARKETING_VERSION = 1.0;
				PRODUCT_BUNDLE_IDENTIFIER = "com.r.t.astronomy.MVP-Sample";
				PRODUCT_NAME = "$(TARGET_NAME)";
				SWIFT_EMIT_LOC_STRINGS = YES;
				SWIFT_VERSION = 5.0;
				TARGETED_DEVICE_FAMILY = "1,2";
			};
			name = Debug;
		};
		249F223127B7EBD600A1F2A0 /* Release */ = {
			isa = XCBuildConfiguration;
			buildSettings = {
				ASSETCATALOG_COMPILER_APPICON_NAME = AppIcon;
				ASSETCATALOG_COMPILER_GLOBAL_ACCENT_COLOR_NAME = AccentColor;
				CODE_SIGN_STYLE = Automatic;
				CURRENT_PROJECT_VERSION = 1;
				DEVELOPMENT_TEAM = P6K8M6RQ2W;
				GENERATE_INFOPLIST_FILE = YES;
				INFOPLIST_FILE = MVP_Sample/Info.plist;
				INFOPLIST_KEY_UIApplicationSupportsIndirectInputEvents = YES;
				INFOPLIST_KEY_UILaunchStoryboardName = LaunchScreen;
				INFOPLIST_KEY_UISupportedInterfaceOrientations_iPad = "UIInterfaceOrientationPortrait UIInterfaceOrientationPortraitUpsideDown UIInterfaceOrientationLandscapeLeft UIInterfaceOrientationLandscapeRight";
				INFOPLIST_KEY_UISupportedInterfaceOrientations_iPhone = "UIInterfaceOrientationPortrait UIInterfaceOrientationLandscapeLeft UIInterfaceOrientationLandscapeRight";
				LD_RUNPATH_SEARCH_PATHS = (
					"$(inherited)",
					"@executable_path/Frameworks",
				);
				MARKETING_VERSION = 1.0;
				PRODUCT_BUNDLE_IDENTIFIER = "com.r.t.astronomy.MVP-Sample";
				PRODUCT_NAME = "$(TARGET_NAME)";
				SWIFT_EMIT_LOC_STRINGS = YES;
				SWIFT_VERSION = 5.0;
				TARGETED_DEVICE_FAMILY = "1,2";
			};
			name = Release;
		};
		249F223327B7EBD600A1F2A0 /* Debug */ = {
			isa = XCBuildConfiguration;
			buildSettings = {
				ALWAYS_EMBED_SWIFT_STANDARD_LIBRARIES = YES;
				BUNDLE_LOADER = "$(TEST_HOST)";
				CODE_SIGN_STYLE = Automatic;
				CURRENT_PROJECT_VERSION = 1;
				DEVELOPMENT_TEAM = P6K8M6RQ2W;
				GENERATE_INFOPLIST_FILE = YES;
				IPHONEOS_DEPLOYMENT_TARGET = 15.2;
				MARKETING_VERSION = 1.0;
				PRODUCT_BUNDLE_IDENTIFIER = "com.r.t.astronomy.MVP-SampleTests";
				PRODUCT_NAME = "$(TARGET_NAME)";
				SWIFT_EMIT_LOC_STRINGS = NO;
				SWIFT_VERSION = 5.0;
				TARGETED_DEVICE_FAMILY = "1,2";
				TEST_HOST = "$(BUILT_PRODUCTS_DIR)/MVP_Sample.app/MVP_Sample";
			};
			name = Debug;
		};
		249F223427B7EBD600A1F2A0 /* Release */ = {
			isa = XCBuildConfiguration;
			buildSettings = {
				ALWAYS_EMBED_SWIFT_STANDARD_LIBRARIES = YES;
				BUNDLE_LOADER = "$(TEST_HOST)";
				CODE_SIGN_STYLE = Automatic;
				CURRENT_PROJECT_VERSION = 1;
				DEVELOPMENT_TEAM = P6K8M6RQ2W;
				GENERATE_INFOPLIST_FILE = YES;
				IPHONEOS_DEPLOYMENT_TARGET = 15.2;
				MARKETING_VERSION = 1.0;
				PRODUCT_BUNDLE_IDENTIFIER = "com.r.t.astronomy.MVP-SampleTests";
				PRODUCT_NAME = "$(TARGET_NAME)";
				SWIFT_EMIT_LOC_STRINGS = NO;
				SWIFT_VERSION = 5.0;
				TARGETED_DEVICE_FAMILY = "1,2";
				TEST_HOST = "$(BUILT_PRODUCTS_DIR)/MVP_Sample.app/MVP_Sample";
			};
			name = Release;
		};
		249F223627B7EBD600A1F2A0 /* Debug */ = {
			isa = XCBuildConfiguration;
			buildSettings = {
				ALWAYS_EMBED_SWIFT_STANDARD_LIBRARIES = YES;
				CODE_SIGN_STYLE = Automatic;
				CURRENT_PROJECT_VERSION = 1;
				DEVELOPMENT_TEAM = P6K8M6RQ2W;
				GENERATE_INFOPLIST_FILE = YES;
				MARKETING_VERSION = 1.0;
				PRODUCT_BUNDLE_IDENTIFIER = "com.r.t.astronomy.MVP-SampleUITests";
				PRODUCT_NAME = "$(TARGET_NAME)";
				SWIFT_EMIT_LOC_STRINGS = NO;
				SWIFT_VERSION = 5.0;
				TARGETED_DEVICE_FAMILY = "1,2";
				TEST_TARGET_NAME = MVP_Sample;
			};
			name = Debug;
		};
		249F223727B7EBD600A1F2A0 /* Release */ = {
			isa = XCBuildConfiguration;
			buildSettings = {
				ALWAYS_EMBED_SWIFT_STANDARD_LIBRARIES = YES;
				CODE_SIGN_STYLE = Automatic;
				CURRENT_PROJECT_VERSION = 1;
				DEVELOPMENT_TEAM = P6K8M6RQ2W;
				GENERATE_INFOPLIST_FILE = YES;
				MARKETING_VERSION = 1.0;
				PRODUCT_BUNDLE_IDENTIFIER = "com.r.t.astronomy.MVP-SampleUITests";
				PRODUCT_NAME = "$(TARGET_NAME)";
				SWIFT_EMIT_LOC_STRINGS = NO;
				SWIFT_VERSION = 5.0;
				TARGETED_DEVICE_FAMILY = "1,2";
				TEST_TARGET_NAME = MVP_Sample;
			};
			name = Release;
		};
/* End XCBuildConfiguration section */

/* Begin XCConfigurationList section */
		249F220027B7EBD300A1F2A0 /* Build configuration list for PBXProject "MVP_Sample" */ = {
			isa = XCConfigurationList;
			buildConfigurations = (
				249F222D27B7EBD600A1F2A0 /* Debug */,
				249F222E27B7EBD600A1F2A0 /* Release */,
			);
			defaultConfigurationIsVisible = 0;
			defaultConfigurationName = Release;
		};
		249F222F27B7EBD600A1F2A0 /* Build configuration list for PBXNativeTarget "MVP_Sample" */ = {
			isa = XCConfigurationList;
			buildConfigurations = (
				249F223027B7EBD600A1F2A0 /* Debug */,
				249F223127B7EBD600A1F2A0 /* Release */,
			);
			defaultConfigurationIsVisible = 0;
			defaultConfigurationName = Release;
		};
		249F223227B7EBD600A1F2A0 /* Build configuration list for PBXNativeTarget "MVP_SampleTests" */ = {
			isa = XCConfigurationList;
			buildConfigurations = (
				249F223327B7EBD600A1F2A0 /* Debug */,
				249F223427B7EBD600A1F2A0 /* Release */,
			);
			defaultConfigurationIsVisible = 0;
			defaultConfigurationName = Release;
		};
		249F223527B7EBD600A1F2A0 /* Build configuration list for PBXNativeTarget "MVP_SampleUITests" */ = {
			isa = XCConfigurationList;
			buildConfigurations = (
				249F223627B7EBD600A1F2A0 /* Debug */,
				249F223727B7EBD600A1F2A0 /* Release */,
			);
			defaultConfigurationIsVisible = 0;
			defaultConfigurationName = Release;
		};
/* End XCConfigurationList section */
	};
	rootObject = 249F21FD27B7EBD300A1F2A0 /* Project object */;
}
